
Microsoft Visual Studio Solution File, Format Version 12.00
# Visual Studio 2012
Project("{8BC9CEB8-8B4A-11D0-8D11-00A0C91BC942}") = "MFCApplication1", "MFCApplication1\MFCApplication1.vcxproj", "{AAC09757-3507-4928-9D3E-606E6F6491CC}"
EndProject
Global
	GlobalSection(SolutionConfigurationPlatforms) = preSolution
		Debug|Win32 = Debug|Win32
		Release|Win32 = Release|Win32
	EndGlobalSection
	GlobalSection(ProjectConfigurationPlatforms) = postSolution
		{AAC09757-3507-4928-9D3E-606E6F6491CC}.Debug|Win32.ActiveCfg = Debug|Win32
		{AAC09757-3507-4928-9D3E-606E6F6491CC}.Debug|Win32.Build.0 = Debug|Win32
		{AAC09757-3507-4928-9D3E-606E6F6491CC}.Release|Win32.ActiveCfg = Release|Win32
		{AAC09757-3507-4928-9D3E-606E6F6491CC}.Release|Win32.Build.0 = Release|Win32
	EndGlobalSection
	GlobalSection(SolutionProperties) = preSolution
		HideSolutionNode = FALSE
	EndGlobalSection
EndGlobal
